{
  "name": "miniprogram-ts-quickstart",
  "version": "1.0.0",
  "lockfileVersion": 2,
  "requires": true,
  "packages": {
    "": {
      "name": "miniprogram-ts-quickstart",
      "version": "1.0.0",
      "dependencies": {
        "@miniprogram-i18n/core": "^1.0.0-rc.11",
        "miniprogram-api-typings": "^2.6.5"
      },
      "devDependencies": {
        "typescript": "^4.1.3"
      }
    },
    "node_modules/@miniprogram-i18n/core": {
      "version": "1.0.0-rc.11",
      "resolved": "https://registry.npm.taobao.org/@miniprogram-i18n/core/download/@miniprogram-i18n/core-1.0.0-rc.11.tgz",
      "integrity": "sha1-1gz1O606TfoBNS48ORy9/4UJlRQ=",
      "dependencies": {
        "format-message-interpret": "^6.2.0",
        "message-format": "^6.2.0",
        "shallowequal": "^1.1.0"
      }
    },
    "node_modules/format-message-formats": {
      "version": "6.2.0",
      "resolved": "https://registry.npm.taobao.org/format-message-formats/download/format-message-formats-6.2.0.tgz",
      "integrity": "sha1-IxwqPSgG4yADMceqBkMMtAP1h5I="
    },
    "node_modules/format-message-interpret": {
      "version": "6.2.3",
      "resolved": "https://registry.npm.taobao.org/format-message-interpret/download/format-message-interpret-6.2.3.tgz",
      "integrity": "sha1-7nL+kkECx9PwwtEnl/U9jZN5WBA=",
      "dependencies": {
        "format-message-formats": "^6.2.0",
        "lookup-closest-locale": "^6.2.0"
      }
    },
    "node_modules/format-message-parse": {
      "version": "6.2.3",
      "resolved": "https://registry.npm.taobao.org/format-message-parse/download/format-message-parse-6.2.3.tgz",
      "integrity": "sha1-E5PZ4rxZhgOja+mSN5eBp40bbAg="
    },
    "node_modules/lookup-closest-locale": {
      "version": "6.2.0",
      "resolved": "https://registry.npm.taobao.org/lookup-closest-locale/download/lookup-closest-locale-6.2.0.tgz",
      "integrity": "sha1-V/Zl5gT9JvdxQtSBUgFUArYHvPM="
    },
    "node_modules/message-format": {
      "version": "6.2.3",
      "resolved": "https://registry.npm.taobao.org/message-format/download/message-format-6.2.3.tgz",
      "integrity": "sha1-Yw8rHXNd8vocLnBKymsOHTHHNp8=",
      "dependencies": {
        "format-message-interpret": "^6.2.3",
        "format-message-parse": "^6.2.3"
      }
    },
    "node_modules/miniprogram-api-typings": {
      "version": "2.6.5",
      "resolved": "https://registry.npm.taobao.org/miniprogram-api-typings/download/miniprogram-api-typings-2.6.5.tgz",
      "integrity": "sha1-SnwanuMaW4ZDXuqF4APC2fWRlLo="
    },
    "node_modules/shallowequal": {
      "version": "1.1.0",
      "resolved": "https://registry.npm.taobao.org/shallowequal/download/shallowequal-1.1.0.tgz",
      "integrity": "sha1-GI1SHelbkIdAT9TctosT3wrk5/g="
    },
    "node_modules/typescript": {
      "version": "4.1.3",
      "resolved": "https://registry.npm.taobao.org/typescript/download/typescript-4.1.3.tgz",
      "integrity": "sha1-UZ1YK9lMugz4k0x9joRn5HP1O7c=",
      "dev": true,
      "bin": {
        "tsc": "bin/tsc",
        "tsserver": "bin/tsserver"
      },
      "engines": {
        "node": ">=4.2.0"
      }
    }
  },
  "dependencies": {
    "@miniprogram-i18n/core": {
      "version": "1.0.0-rc.11",
      "resolved": "https://registry.npm.taobao.org/@miniprogram-i18n/core/download/@miniprogram-i18n/core-1.0.0-rc.11.tgz",
      "integrity": "sha1-1gz1O606TfoBNS48ORy9/4UJlRQ=",
      "requires": {
        "format-message-interpret": "^6.2.0",
        "message-format": "^6.2.0",
        "shallowequal": "^1.1.0"
      }
    },
    "format-message-formats": {
      "version": "6.2.0",
      "resolved": "https://registry.npm.taobao.org/format-message-formats/download/format-message-formats-6.2.0.tgz",
      "integrity": "sha1-IxwqPSgG4yADMceqBkMMtAP1h5I="
    },
    "format-message-interpret": {
      "version": "6.2.3",
      "resolved": "https://registry.npm.taobao.org/format-message-interpret/download/format-message-interpret-6.2.3.tgz",
      "integrity": "sha1-7nL+kkECx9PwwtEnl/U9jZN5WBA=",
      "requires": {
        "format-message-formats": "^6.2.0",
        "lookup-closest-locale": "^6.2.0"
      }
    },
    "format-message-parse": {
      "version": "6.2.3",
      "resolved": "https://registry.npm.taobao.org/format-message-parse/download/format-message-parse-6.2.3.tgz",
      "integrity": "sha1-E5PZ4rxZhgOja+mSN5eBp40bbAg="
    },
    "lookup-closest-locale": {
      "version": "6.2.0",
      "resolved": "https://registry.npm.taobao.org/lookup-closest-locale/download/lookup-closest-locale-6.2.0.tgz",
      "integrity": "sha1-V/Zl5gT9JvdxQtSBUgFUArYHvPM="
    },
    "message-format": {
      "version": "6.2.3",
      "resolved": "https://registry.npm.taobao.org/message-format/download/message-format-6.2.3.tgz",
      "integrity": "sha1-Yw8rHXNd8vocLnBKymsOHTHHNp8=",
      "requires": {
        "format-message-interpret": "^6.2.3",
        "format-message-parse": "^6.2.3"
      }
    },
    "miniprogram-api-typings": {
      "version": "2.6.5",
      "resolved": "https://registry.npm.taobao.org/miniprogram-api-typings/download/miniprogram-api-typings-2.6.5.tgz",
      "integrity": "sha1-SnwanuMaW4ZDXuqF4APC2fWRlLo="
    },
    "shallowequal": {
      "version": "1.1.0",
      "resolved": "https://registry.npm.taobao.org/shallowequal/download/shallowequal-1.1.0.tgz",
      "integrity": "sha1-GI1SHelbkIdAT9TctosT3wrk5/g="
    },
    "typescript": {
      "version": "4.1.3",
      "resolved": "https://registry.npm.taobao.org/typescript/download/typescript-4.1.3.tgz",
      "integrity": "sha1-UZ1YK9lMugz4k0x9joRn5HP1O7c=",
      "dev": true
    }
  }
}
